// !$*UTF8*$!
{
	archiveVersion = 1;
	classes = {
	};
	objectVersion = 46;
	objects = {

/* Begin PBXBuildFile section */
		948008CE1FB3B42B00DFD9CD /* AppDelegate.swift in Sources */ = {isa = PBXBuildFile; fileRef = 948008CD1FB3B42B00DFD9CD /* AppDelegate.swift */; };
		948008D01FB3B42B00DFD9CD /* ViewController.swift in Sources */ = {isa = PBXBuildFile; fileRef = 948008CF1FB3B42B00DFD9CD /* ViewController.swift */; };
		948008D21FB3B42B00DFD9CD /* Assets.xcassets in Resources */ = {isa = PBXBuildFile; fileRef = 948008D11FB3B42B00DFD9CD /* Assets.xcassets */; };
		948008D51FB3B42B00DFD9CD /* Main.storyboard in Resources */ = {isa = PBXBuildFile; fileRef = 948008D31FB3B42B00DFD9CD /* Main.storyboard */; };
/* End PBXBuildFile section */

/* Begin PBXFileReference section */
		948008CA1FB3B42B00DFD9CD /* Tender.app */ = {isa = PBXFileReference; explicitFileType = wrapper.application; includeInIndex = 0; path = Tender.app; sourceTree = BUILT_PRODUCTS_DIR; };
		948008CD1FB3B42B00DFD9CD /* AppDelegate.swift */ = {isa = PBXFileReference; lastKnownFileType = sourcecode.swift; path = AppDelegate.swift; sourceTree = "<group>"; };
		948008CF1FB3B42B00DFD9CD /* ViewController.swift */ = {isa = PBXFileReference; lastKnownFileType = sourcecode.swift; path = ViewController.swift; sourceTree = "<group>"; };
		948008D11FB3B42B00DFD9CD /* Assets.xcassets */ = {isa = PBXFileReference; lastKnownFileType = folder.assetcatalog; path = Assets.xcassets; sourceTree = "<group>"; };
		948008D41FB3B42B00DFD9CD /* Base */ = {isa = PBXFileReference; lastKnownFileType = file.storyboard; name = Base; path = Base.lproj/Main.storyboard; sourceTree = "<group>"; };
		948008D61FB3B42B00DFD9CD /* Info.plist */ = {isa = PBXFileReference; lastKnownFileType = text.plist.xml; path = Info.plist; sourceTree = "<group>"; };
/* End PBXFileReference section */

/* Begin PBXFrameworksBuildPhase section */
		948008C71FB3B42B00DFD9CD /* Frameworks */ = {
			isa = PBXFrameworksBuildPhase;
			buildActionMask = 2147483647;
			files = (
			);
			runOnlyForDeploymentPostprocessing = 0;
		};
/* End PBXFrameworksBuildPhase section */

/* Begin PBXGroup section */
		948008C11FB3B42B00DFD9CD = {
			isa = PBXGroup;
			children = (
				948008CC1FB3B42B00DFD9CD /* Tender */,
				948008CB1FB3B42B00DFD9CD /* Products */,
			);
			sourceTree = "<group>";
		};
		948008CB1FB3B42B00DFD9CD /* Products */ = {
			isa = PBXGroup;
			children = (
				948008CA1FB3B42B00DFD9CD /* Tender.app */,
			);
			name = Products;
			sourceTree = "<group>";
		};
		948008CC1FB3B42B00DFD9CD /* Tender */ = {
			isa = PBXGroup;
			children = (
				948008CD1FB3B42B00DFD9CD /* AppDelegate.swift */,
				948008CF1FB3B42B00DFD9CD /* ViewController.swift */,
				948008D11FB3B42B00DFD9CD /* Assets.xcassets */,
				948008D31FB3B42B00DFD9CD /* Main.storyboard */,
				948008D61FB3B42B00DFD9CD /* Info.plist */,
			);
			path = Tender;
			sourceTree = "<group>";
		};
/* End PBXGroup section */

/* Begin PBXNativeTarget section */
		948008C91FB3B42B00DFD9CD /* Tender */ = {
			isa = PBXNativeTarget;
			buildConfigurationList = 948008D91FB3B42B00DFD9CD /* Build configuration list for PBXNativeTarget "Tender" */;
			buildPhases = (
				948008C61FB3B42B00DFD9CD /* Sources */,
				948008C71FB3B42B00DFD9CD /* Frameworks */,
				948008C81FB3B42B00DFD9CD /* Resources */,
			);
			buildRules = (
			);
			dependencies = (
			);
			name = Tender;
			productName = Tender;
			productReference = 948008CA1FB3B42B00DFD9CD /* Tender.app */;
			productType = "com.apple.product-type.application";
		};
/* End PBXNativeTarget section */

/* Begin PBXProject section */
		948008C21FB3B42B00DFD9CD /* Project object */ = {
			isa = PBXProject;
			attributes = {
				LastSwiftUpdateCheck = 0800;
				LastUpgradeCheck = 0800;
				ORGANIZATIONNAME = "Caleb Kussmaul";
				TargetAttributes = {
					948008C91FB3B42B00DFD9CD = {
						CreatedOnToolsVersion = 8.0;
						DevelopmentTeam = XT83AZVF5M;
						ProvisioningStyle = Automatic;
					};
				};
			};
			buildConfigurationList = 948008C51FB3B42B00DFD9CD /* Build configuration list for PBXProject "Tender" */;
			compatibilityVersion = "Xcode 3.2";
			developmentRegion = English;
			hasScannedForEncodings = 0;
			knownRegions = (
				en,
				Base,
			);
			mainGroup = 948008C11FB3B42B00DFD9CD;
			productRefGroup = 948008CB1FB3B42B00DFD9CD /* Products */;
			projectDirPath = "";
			projectRoot = "";
			targets = (
				948008C91FB3B42B00DFD9CD /* Tender */,
			);
		};
/* End PBXProject section */

/* Begin PBXResourcesBuildPhase section */
		948008C81FB3B42B00DFD9CD /* Resources */ = {
			isa = PBXResourcesBuildPhase;
			buildActionMask = 2147483647;
			files = (
				948008D21FB3B42B00DFD9CD /* Assets.xcassets in Resources */,
				948008D51FB3B42B00DFD9CD /* Main.storyboard in Resources */,
			);
			runOnlyForDeploymentPostprocessing = 0;
		};
/* End PBXResourcesBuildPhase section */

/* Begin PBXSourcesBuildPhase section */
		948008C61FB3B42B00DFD9CD /* Sources */ = {
			isa = PBXSourcesBuildPhase;
			buildActionMask = 2147483647;
			files = (
				948008D01FB3B42B00DFD9CD /* ViewController.swift in Sources */,
				948008CE1FB3B42B00DFD9CD /* AppDelegate.swift in Sources */,
			);
			runOnlyForDeploymentPostprocessing = 0;
		};
/* End PBXSourcesBuildPhase section */

/* Begin PBXVariantGroup section */
		948008D31FB3B42B00DFD9CD /* Main.storyboard */ = {
			isa = PBXVariantGroup;
			children = (
				948008D41FB3B42B00DFD9CD /* Base */,
			);
			name = Main.storyboard;
			sourceTree = "<group>";
		};
/* End PBXVariantGroup section */

/* Begin XCBuildConfiguration section */
		948008D71FB3B42B00DFD9CD /* Debug */ = {
			isa = XCBuildConfiguration;
			buildSettings = {
				ALWAYS_SEARCH_USER_PATHS = NO;
				CLANG_ANALYZER_NONNULL = YES;
				CLANG_CXX_LANGUAGE_STANDARD = "gnu++0x";
				CLANG_CXX_LIBRARY = "libc++";
				CLANG_ENABLE_MODULES = YES;
				CLANG_ENABLE_OBJC_ARC = YES;
				CLANG_WARN_BOOL_CONVERSION = YES;
				CLANG_WARN_CONSTANT_CONVERSION = YES;
				CLANG_WARN_DIRECT_OBJC_ISA_USAGE = YES_ERROR;
				CLANG_WARN_DOCUMENTATION_COMMENTS = YES;
				CLANG_WARN_EMPTY_BODY = YES;
				CLANG_WARN_ENUM_CONVERSION = YES;
				CLANG_WARN_INFINITE_RECURSION = YES;
				CLANG_WARN_INT_CONVERSION = YES;
				CLANG_WARN_OBJC_ROOT_CLASS = YES_ERROR;
				CLANG_WARN_SUSPICIOUS_MOVES = YES;
				CLANG_WARN_UNREACHABLE_CODE = YES;
				CLANG_WARN__DUPLICATE_METHOD_MATCH = YES;
				CODE_SIGN_IDENTITY = "-";
				COPY_PHASE_STRIP = NO;
				DEBUG_INFORMATION_FORMAT = dwarf;
				ENABLE_STRICT_OBJC_MSGSEND = YES;
				ENABLE_TESTABILITY = YES;
				GCC_C_LANGUAGE_STANDARD = gnu99;
				GCC_DYNAMIC_NO_PIC = NO;
				GCC_NO_COMMON_BLOCKS = YES;
				GCC_OPTIMIZATION_LEVEL = 0;
				GCC_PREPROCESSOR_DEFINITIONS = (
					"DEBUG=1",
					"$(inherited)",
				);
				GCC_WARN_64_TO_32_BIT_CONVERSION = YES;
				GCC_WARN_ABOUT_RETURN_TYPE = YES_ERROR;
				GCC_WARN_UNDECLARED_SELECTOR = YES;
				GCC_WARN_UNINITIALIZED_AUTOS = YES_AGGRESSIVE;
				GCC_WARN_UNUSED_FUNCTION = YES;
				GCC_WARN_UNUSED_VARIABLE = YES;
				MACOSX_DEPLOYMENT_TARGET = 10.12;
				MTL_ENABLE_DEBUG_INFO = YES;
				ONLY_ACTIVE_ARCH = YES;
				SDKROOT = macosx;
				SWIFT_ACTIVE_COMPILATION_CONDITIONS = DEBUG;
				SWIFT_OPTIMIZATION_LEVEL = "-Onone";
			};
			name = Debug;
		};
		948008D81FB3B42B00DFD9CD /* Release */ = {
			isa = XCBuildConfiguration;
			buildSettings = {
				ALWAYS_SEARCH_USER_PATHS = NO;
				CLANG_ANALYZER_NONNULL = YES;
				CLANG_CXX_LANGUAGE_STANDARD = "gnu++0x";
				CLANG_CXX_LIBRARY = "libc++";
				CLANG_ENABLE_MODULES = YES;
				CLANG_ENABLE_OBJC_ARC = YES;
				CLANG_WARN_BOOL_CONVERSION = YES;
				CLANG_WARN_CONSTANT_CONVERSION = YES;
				CLANG_WARN_DIRECT_OBJC_ISA_USAGE = YES_ERROR;
				CLANG_WARN_DOCUMENTATION_COMMENTS = YES;
				CLANG_WARN_EMPTY_BODY = YES;
				CLANG_WARN_ENUM_CONVERSION = YES;
				CLANG_WARN_INFINITE_RECURSION = YES;
				CLANG_WARN_INT_CONVERSION = YES;
				CLANG_WARN_OBJC_ROOT_CLASS = YES_ERROR;
				CLANG_WARN_SUSPICIOUS_MOVES = YES;
				CLANG_WARN_UNREACHABLE_CODE = YES;
				CLANG_WARN__DUPLICATE_METHOD_MATCH = YES;
				CODE_SIGN_IDENTITY = "-";
				COPY_PHASE_STRIP = NO;
				DEBUG_INFORMATION_FORMAT = "dwarf-with-dsym";
				ENABLE_NS_ASSERTIONS = NO;
				ENABLE_STRICT_OBJC_MSGSEND = YES;
				GCC_C_LANGUAGE_STANDARD = gnu99;
				GCC_NO_COMMON_BLOCKS = YES;
				GCC_WARN_64_TO_32_BIT_CONVERSION = YES;
				GCC_WARN_ABOUT_RETURN_TYPE = YES_ERROR;
				GCC_WARN_UNDECLARED_SELECTOR = YES;
				GCC_WARN_UNINITIALIZED_AUTOS = YES_AGGRESSIVE;
				GCC_WARN_UNUSED_FUNCTION = YES;
				GCC_WARN_UNUSED_VARIABLE = YES;
				MACOSX_DEPLOYMENT_TARGET = 10.12;
				MTL_ENABLE_DEBUG_INFO = NO;
				SDKROOT = macosx;
				SWIFT_OPTIMIZATION_LEVEL = "-Owholemodule";
			};
			name = Release;
		};
		948008DA1FB3B42B00DFD9CD /* Debug */ = {
			isa = XCBuildConfiguration;
			buildSettings = {
				ASSETCATALOG_COMPILER_APPICON_NAME = AppIcon;
				COMBINE_HIDPI_IMAGES = YES;
				DEVELOPMENT_TEAM = XT83AZVF5M;
				INFOPLIST_FILE = Tender/Info.plist;
				LD_RUNPATH_SEARCH_PATHS = "$(inherited) @executable_path/../Frameworks";
				PRODUCT_BUNDLE_IDENTIFIER = net.kussmaul.Tender;
				PRODUCT_NAME = "$(TARGET_NAME)";
				SWIFT_VERSION = 3.0;
			};
			name = Debug;
		};
		948008DB1FB3B42B00DFD9CD /* Release */ = {
			isa = XCBuildConfiguration;
			buildSettings = {
				ASSETCATALOG_COMPILER_APPICON_NAME = AppIcon;
				COMBINE_HIDPI_IMAGES = YES;
				DEVELOPMENT_TEAM = XT83AZVF5M;
				INFOPLIST_FILE = Tender/Info.plist;
				LD_RUNPATH_SEARCH_PATHS = "$(inherited) @executable_path/../Frameworks";
				PRODUCT_BUNDLE_IDENTIFIER = net.kussmaul.Tender;
				PRODUCT_NAME = "$(TARGET_NAME)";
				SWIFT_VERSION = 3.0;
			};
			name = Release;
		};
/* End XCBuildConfiguration section */

/* Begin XCConfigurationList section */
		948008C51FB3B42B00DFD9CD /* Build configuration list for PBXProject "Tender" */ = {
			isa = XCConfigurationList;
			buildConfigurations = (
				948008D71FB3B42B00DFD9CD /* Debug */,
				948008D81FB3B42B00DFD9CD /* Release */,
			);
			defaultConfigurationIsVisible = 0;
			defaultConfigurationName = Release;
		};
		948008D91FB3B42B00DFD9CD /* Build configuration list for PBXNativeTarget "Tender" */ = {
			isa = XCConfigurationList;
			buildConfigurations = (
				948008DA1FB3B42B00DFD9CD /* Debug */,
				948008DB1FB3B42B00DFD9CD /* Release */,
			);
			defaultConfigurationIsVisible = 0;
		};
/* End XCConfigurationList section */
	};
	rootObject = 948008C21FB3B42B00DFD9CD /* Project object */;
}
